
Microsoft Visual Studio Solution File, Format Version 12.00
# Visual Studio Version 17
VisualStudioVersion = 17.5.002.0
MinimumVisualStudioVersion = 10.0.40219.1
Project("{9A19103F-16F7-4668-BE54-9A1E7A4F7556}") = "IntroToPlinq", "IntroToPlinq.csproj", "{B44A94BF-741D-498E-9024-C11AB332803B}"
EndProject
Global
	GlobalSection(SolutionConfigurationPlatforms) = preSolution
		Debug|Any CPU = Debug|Any CPU
		Release|Any CPU = Release|Any CPU
	EndGlobalSection
	GlobalSection(ProjectConfigurationPlatforms) = postSolution
		{B44A94BF-741D-498E-9024-C11AB332803B}.Debug|Any CPU.ActiveCfg = Debug|Any CPU
		{B44A94BF-741D-498E-9024-C11AB332803B}.Debug|Any CPU.Build.0 = Debug|Any CPU
		{B44A94BF-741D-498E-9024-C11AB332803B}.Release|Any CPU.ActiveCfg = Release|Any CPU
		{B44A94BF-741D-498E-9024-C11AB332803B}.Release|Any CPU.Build.0 = Release|Any CPU
	EndGlobalSection
	GlobalSection(SolutionProperties) = preSolution
		HideSolutionNode = FALSE
	EndGlobalSection
	GlobalSection(ExtensibilityGlobals) = postSolution
		SolutionGuid = {78F6B018-92D3-4A5A-BAD2-2B27A4BC6915}
	EndGlobalSection
EndGlobal
